// !$*UTF8*$!
{
	archiveVersion = 1;
	classes = {
	};
	objectVersion = 56;
	objects = {

/* Begin PBXBuildFile section */
		A403FEDA2B6D3C1F002C8DA9 /* ExpenseLog+Extension.swift in Sources */ = {isa = PBXBuildFile; fileRef = A403FED92B6D3C1F002C8DA9 /* ExpenseLog+Extension.swift */; };
		A403FEDC2B6D3C6F002C8DA9 /* Category.swift in Sources */ = {isa = PBXBuildFile; fileRef = A403FEDB2B6D3C6F002C8DA9 /* Category.swift */; };
		A403FEDE2B6D4072002C8DA9 /* Utils.swift in Sources */ = {isa = PBXBuildFile; fileRef = A403FEDD2B6D4072002C8DA9 /* Utils.swift */; };
		A403FEE02B6D407F002C8DA9 /* Extensions.swift in Sources */ = {isa = PBXBuildFile; fileRef = A403FEDF2B6D407F002C8DA9 /* Extensions.swift */; };
		A403FEE22B6D45C1002C8DA9 /* Sort.swift in Sources */ = {isa = PBXBuildFile; fileRef = A403FEE12B6D45C1002C8DA9 /* Sort.swift */; };
		A403FEE42B6D5729002C8DA9 /* LogListView.swift in Sources */ = {isa = PBXBuildFile; fileRef = A403FEE32B6D5729002C8DA9 /* LogListView.swift */; };
		A403FEE62B6DEA52002C8DA9 /* LogsTabView.swift in Sources */ = {isa = PBXBuildFile; fileRef = A403FEE52B6DEA52002C8DA9 /* LogsTabView.swift */; };
		A403FEE82B6DEA79002C8DA9 /* LogFormView.swift in Sources */ = {isa = PBXBuildFile; fileRef = A403FEE72B6DEA79002C8DA9 /* LogFormView.swift */; };
		A403FEEA2B6DEAA8002C8DA9 /* CategoryImageView.swift in Sources */ = {isa = PBXBuildFile; fileRef = A403FEE92B6DEAA8002C8DA9 /* CategoryImageView.swift */; };
		A403FEEC2B6DEBDB002C8DA9 /* SearchBar.swift in Sources */ = {isa = PBXBuildFile; fileRef = A403FEEB2B6DEBDB002C8DA9 /* SearchBar.swift */; };
		A403FEEE2B6DEBF3002C8DA9 /* FilterCategoriesView.swift in Sources */ = {isa = PBXBuildFile; fileRef = A403FEED2B6DEBF3002C8DA9 /* FilterCategoriesView.swift */; };
		A403FEF02B6DEC1F002C8DA9 /* SelectSortOrderView.swift in Sources */ = {isa = PBXBuildFile; fileRef = A403FEEF2B6DEC1F002C8DA9 /* SelectSortOrderView.swift */; };
		A403FEF22B6DEC3C002C8DA9 /* DashboardTabView.swift in Sources */ = {isa = PBXBuildFile; fileRef = A403FEF12B6DEC3C002C8DA9 /* DashboardTabView.swift */; };
		A403FEF42B6DEC49002C8DA9 /* CategoryRowView.swift in Sources */ = {isa = PBXBuildFile; fileRef = A403FEF32B6DEC49002C8DA9 /* CategoryRowView.swift */; };
		A403FEF62B6DECEC002C8DA9 /* PieChartView.swift in Sources */ = {isa = PBXBuildFile; fileRef = A403FEF52B6DECEC002C8DA9 /* PieChartView.swift */; };
		A403FEF82B6DED0A002C8DA9 /* PieChartCell.swift in Sources */ = {isa = PBXBuildFile; fileRef = A403FEF72B6DED0A002C8DA9 /* PieChartCell.swift */; };
		A403FEFA2B6DED65002C8DA9 /* PieChartRow.swift in Sources */ = {isa = PBXBuildFile; fileRef = A403FEF92B6DED65002C8DA9 /* PieChartRow.swift */; };
		A403FEFC2B6DEE41002C8DA9 /* Helpers.swift in Sources */ = {isa = PBXBuildFile; fileRef = A403FEFB2B6DEE41002C8DA9 /* Helpers.swift */; };
		A458842E2B6CB7FC0008DA4E /* ExpenseTrackerApp.swift in Sources */ = {isa = PBXBuildFile; fileRef = A458842D2B6CB7FC0008DA4E /* ExpenseTrackerApp.swift */; };
		A45884302B6CB7FC0008DA4E /* ContentView.swift in Sources */ = {isa = PBXBuildFile; fileRef = A458842F2B6CB7FC0008DA4E /* ContentView.swift */; };
		A45884322B6CB7FE0008DA4E /* Assets.xcassets in Resources */ = {isa = PBXBuildFile; fileRef = A45884312B6CB7FE0008DA4E /* Assets.xcassets */; };
		A45884352B6CB7FE0008DA4E /* Preview Assets.xcassets in Resources */ = {isa = PBXBuildFile; fileRef = A45884342B6CB7FE0008DA4E /* Preview Assets.xcassets */; };
		A458843D2B6D0F9F0008DA4E /* ExpenseTracker.xcdatamodeld in Sources */ = {isa = PBXBuildFile; fileRef = A458843B2B6D0F9F0008DA4E /* ExpenseTracker.xcdatamodeld */; };
		A458843F2B6D14040008DA4E /* CoreDataManage.swift in Sources */ = {isa = PBXBuildFile; fileRef = A458843E2B6D14040008DA4E /* CoreDataManage.swift */; };
/* End PBXBuildFile section */

/* Begin PBXFileReference section */
		A403FED92B6D3C1F002C8DA9 /* ExpenseLog+Extension.swift */ = {isa = PBXFileReference; lastKnownFileType = sourcecode.swift; path = "ExpenseLog+Extension.swift"; sourceTree = "<group>"; };
		A403FEDB2B6D3C6F002C8DA9 /* Category.swift */ = {isa = PBXFileReference; lastKnownFileType = sourcecode.swift; path = Category.swift; sourceTree = "<group>"; };
		A403FEDD2B6D4072002C8DA9 /* Utils.swift */ = {isa = PBXFileReference; lastKnownFileType = sourcecode.swift; path = Utils.swift; sourceTree = "<group>"; };
		A403FEDF2B6D407F002C8DA9 /* Extensions.swift */ = {isa = PBXFileReference; lastKnownFileType = sourcecode.swift; path = Extensions.swift; sourceTree = "<group>"; };
		A403FEE12B6D45C1002C8DA9 /* Sort.swift */ = {isa = PBXFileReference; lastKnownFileType = sourcecode.swift; path = Sort.swift; sourceTree = "<group>"; };
		A403FEE32B6D5729002C8DA9 /* LogListView.swift */ = {isa = PBXFileReference; lastKnownFileType = sourcecode.swift; path = LogListView.swift; sourceTree = "<group>"; };
		A403FEE52B6DEA52002C8DA9 /* LogsTabView.swift */ = {isa = PBXFileReference; lastKnownFileType = sourcecode.swift; path = LogsTabView.swift; sourceTree = "<group>"; };
		A403FEE72B6DEA79002C8DA9 /* LogFormView.swift */ = {isa = PBXFileReference; lastKnownFileType = sourcecode.swift; path = LogFormView.swift; sourceTree = "<group>"; };
		A403FEE92B6DEAA8002C8DA9 /* CategoryImageView.swift */ = {isa = PBXFileReference; lastKnownFileType = sourcecode.swift; path = CategoryImageView.swift; sourceTree = "<group>"; };
		A403FEEB2B6DEBDB002C8DA9 /* SearchBar.swift */ = {isa = PBXFileReference; lastKnownFileType = sourcecode.swift; path = SearchBar.swift; sourceTree = "<group>"; };
		A403FEED2B6DEBF3002C8DA9 /* FilterCategoriesView.swift */ = {isa = PBXFileReference; lastKnownFileType = sourcecode.swift; path = FilterCategoriesView.swift; sourceTree = "<group>"; };
		A403FEEF2B6DEC1F002C8DA9 /* SelectSortOrderView.swift */ = {isa = PBXFileReference; lastKnownFileType = sourcecode.swift; path = SelectSortOrderView.swift; sourceTree = "<group>"; };
		A403FEF12B6DEC3C002C8DA9 /* DashboardTabView.swift */ = {isa = PBXFileReference; lastKnownFileType = sourcecode.swift; path = DashboardTabView.swift; sourceTree = "<group>"; };
		A403FEF32B6DEC49002C8DA9 /* CategoryRowView.swift */ = {isa = PBXFileReference; lastKnownFileType = sourcecode.swift; path = CategoryRowView.swift; sourceTree = "<group>"; };
		A403FEF52B6DECEC002C8DA9 /* PieChartView.swift */ = {isa = PBXFileReference; lastKnownFileType = sourcecode.swift; path = PieChartView.swift; sourceTree = "<group>"; };
		A403FEF72B6DED0A002C8DA9 /* PieChartCell.swift */ = {isa = PBXFileReference; lastKnownFileType = sourcecode.swift; path = PieChartCell.swift; sourceTree = "<group>"; };
		A403FEF92B6DED65002C8DA9 /* PieChartRow.swift */ = {isa = PBXFileReference; lastKnownFileType = sourcecode.swift; path = PieChartRow.swift; sourceTree = "<group>"; };
		A403FEFB2B6DEE41002C8DA9 /* Helpers.swift */ = {isa = PBXFileReference; lastKnownFileType = sourcecode.swift; path = Helpers.swift; sourceTree = "<group>"; };
		A458842A2B6CB7FC0008DA4E /* ExpenseTracker.app */ = {isa = PBXFileReference; explicitFileType = wrapper.application; includeInIndex = 0; path = ExpenseTracker.app; sourceTree = BUILT_PRODUCTS_DIR; };
		A458842D2B6CB7FC0008DA4E /* ExpenseTrackerApp.swift */ = {isa = PBXFileReference; lastKnownFileType = sourcecode.swift; path = ExpenseTrackerApp.swift; sourceTree = "<group>"; };
		A458842F2B6CB7FC0008DA4E /* ContentView.swift */ = {isa = PBXFileReference; lastKnownFileType = sourcecode.swift; path = ContentView.swift; sourceTree = "<group>"; };
		A45884312B6CB7FE0008DA4E /* Assets.xcassets */ = {isa = PBXFileReference; lastKnownFileType = folder.assetcatalog; path = Assets.xcassets; sourceTree = "<group>"; };
		A45884342B6CB7FE0008DA4E /* Preview Assets.xcassets */ = {isa = PBXFileReference; lastKnownFileType = folder.assetcatalog; path = "Preview Assets.xcassets"; sourceTree = "<group>"; };
		A458843C2B6D0F9F0008DA4E /* ExpenseLog.xcdatamodel */ = {isa = PBXFileReference; lastKnownFileType = wrapper.xcdatamodel; path = ExpenseLog.xcdatamodel; sourceTree = "<group>"; };
		A458843E2B6D14040008DA4E /* CoreDataManage.swift */ = {isa = PBXFileReference; lastKnownFileType = sourcecode.swift; path = CoreDataManage.swift; sourceTree = "<group>"; };
/* End PBXFileReference section */

/* Begin PBXFrameworksBuildPhase section */
		A45884272B6CB7FC0008DA4E /* Frameworks */ = {
			isa = PBXFrameworksBuildPhase;
			buildActionMask = 2147483647;
			files = (
			);
			runOnlyForDeploymentPostprocessing = 0;
		};
/* End PBXFrameworksBuildPhase section */

/* Begin PBXGroup section */
		A403FED02B6D3600002C8DA9 /* Views */ = {
			isa = PBXGroup;
			children = (
				A458842F2B6CB7FC0008DA4E /* ContentView.swift */,
				A403FEF12B6DEC3C002C8DA9 /* DashboardTabView.swift */,
				A403FEEB2B6DEBDB002C8DA9 /* SearchBar.swift */,
				A403FEEF2B6DEC1F002C8DA9 /* SelectSortOrderView.swift */,
				A403FEFF2B6E0378002C8DA9 /* Category */,
				A403FEFD2B6DFE17002C8DA9 /* Charts */,
				A403FEFE2B6DFE1E002C8DA9 /* Logs */,
			);
			path = Views;
			sourceTree = "<group>";
		};
		A403FED12B6D3605002C8DA9 /* Models */ = {
			isa = PBXGroup;
			children = (
				A458843E2B6D14040008DA4E /* CoreDataManage.swift */,
				A403FED92B6D3C1F002C8DA9 /* ExpenseLog+Extension.swift */,
				A403FEE12B6D45C1002C8DA9 /* Sort.swift */,
				A403FEDB2B6D3C6F002C8DA9 /* Category.swift */,
			);
			path = Models;
			sourceTree = "<group>";
		};
		A403FED22B6D360B002C8DA9 /* Helpers */ = {
			isa = PBXGroup;
			children = (
				A403FEDD2B6D4072002C8DA9 /* Utils.swift */,
				A403FEDF2B6D407F002C8DA9 /* Extensions.swift */,
			);
			path = Helpers;
			sourceTree = "<group>";
		};
		A403FEFD2B6DFE17002C8DA9 /* Charts */ = {
			isa = PBXGroup;
			children = (
				A403FEF52B6DECEC002C8DA9 /* PieChartView.swift */,
				A403FEF72B6DED0A002C8DA9 /* PieChartCell.swift */,
				A403FEF92B6DED65002C8DA9 /* PieChartRow.swift */,
				A403FEFB2B6DEE41002C8DA9 /* Helpers.swift */,
			);
			path = Charts;
			sourceTree = "<group>";
		};
		A403FEFE2B6DFE1E002C8DA9 /* Logs */ = {
			isa = PBXGroup;
			children = (
				A403FEE32B6D5729002C8DA9 /* LogListView.swift */,
				A403FEE72B6DEA79002C8DA9 /* LogFormView.swift */,
				A403FEE52B6DEA52002C8DA9 /* LogsTabView.swift */,
			);
			path = Logs;
			sourceTree = "<group>";
		};
		A403FEFF2B6E0378002C8DA9 /* Category */ = {
			isa = PBXGroup;
			children = (
				A403FEE92B6DEAA8002C8DA9 /* CategoryImageView.swift */,
				A403FEF32B6DEC49002C8DA9 /* CategoryRowView.swift */,
				A403FEED2B6DEBF3002C8DA9 /* FilterCategoriesView.swift */,
			);
			path = Category;
			sourceTree = "<group>";
		};
		A45884212B6CB7FC0008DA4E = {
			isa = PBXGroup;
			children = (
				A458842C2B6CB7FC0008DA4E /* ExpenseTracker */,
				A458842B2B6CB7FC0008DA4E /* Products */,
			);
			sourceTree = "<group>";
		};
		A458842B2B6CB7FC0008DA4E /* Products */ = {
			isa = PBXGroup;
			children = (
				A458842A2B6CB7FC0008DA4E /* ExpenseTracker.app */,
			);
			name = Products;
			sourceTree = "<group>";
		};
		A458842C2B6CB7FC0008DA4E /* ExpenseTracker */ = {
			isa = PBXGroup;
			children = (
				A458842D2B6CB7FC0008DA4E /* ExpenseTrackerApp.swift */,
				A403FED22B6D360B002C8DA9 /* Helpers */,
				A403FED12B6D3605002C8DA9 /* Models */,
				A403FED02B6D3600002C8DA9 /* Views */,
				A45884312B6CB7FE0008DA4E /* Assets.xcassets */,
				A45884332B6CB7FE0008DA4E /* Preview Content */,
				A458843B2B6D0F9F0008DA4E /* ExpenseTracker.xcdatamodeld */,
			);
			path = ExpenseTracker;
			sourceTree = "<group>";
		};
		A45884332B6CB7FE0008DA4E /* Preview Content */ = {
			isa = PBXGroup;
			children = (
				A45884342B6CB7FE0008DA4E /* Preview Assets.xcassets */,
			);
			path = "Preview Content";
			sourceTree = "<group>";
		};
/* End PBXGroup section */

/* Begin PBXNativeTarget section */
		A45884292B6CB7FC0008DA4E /* ExpenseTracker */ = {
			isa = PBXNativeTarget;
			buildConfigurationList = A45884382B6CB7FE0008DA4E /* Build configuration list for PBXNativeTarget "ExpenseTracker" */;
			buildPhases = (
				A45884262B6CB7FC0008DA4E /* Sources */,
				A45884272B6CB7FC0008DA4E /* Frameworks */,
				A45884282B6CB7FC0008DA4E /* Resources */,
			);
			buildRules = (
			);
			dependencies = (
			);
			name = ExpenseTracker;
			productName = ExpenseTracker;
			productReference = A458842A2B6CB7FC0008DA4E /* ExpenseTracker.app */;
			productType = "com.apple.product-type.application";
		};
/* End PBXNativeTarget section */

/* Begin PBXProject section */
		A45884222B6CB7FC0008DA4E /* Project object */ = {
			isa = PBXProject;
			attributes = {
				BuildIndependentTargetsInParallel = 1;
				LastSwiftUpdateCheck = 1420;
				LastUpgradeCheck = 1420;
				TargetAttributes = {
					A45884292B6CB7FC0008DA4E = {
						CreatedOnToolsVersion = 14.2;
					};
				};
			};
			buildConfigurationList = A45884252B6CB7FC0008DA4E /* Build configuration list for PBXProject "ExpenseTracker" */;
			compatibilityVersion = "Xcode 14.0";
			developmentRegion = en;
			hasScannedForEncodings = 0;
			knownRegions = (
				en,
				Base,
			);
			mainGroup = A45884212B6CB7FC0008DA4E;
			productRefGroup = A458842B2B6CB7FC0008DA4E /* Products */;
			projectDirPath = "";
			projectRoot = "";
			targets = (
				A45884292B6CB7FC0008DA4E /* ExpenseTracker */,
			);
		};
/* End PBXProject section */

/* Begin PBXResourcesBuildPhase section */
		A45884282B6CB7FC0008DA4E /* Resources */ = {
			isa = PBXResourcesBuildPhase;
			buildActionMask = 2147483647;
			files = (
				A45884352B6CB7FE0008DA4E /* Preview Assets.xcassets in Resources */,
				A45884322B6CB7FE0008DA4E /* Assets.xcassets in Resources */,
			);
			runOnlyForDeploymentPostprocessing = 0;
		};
/* End PBXResourcesBuildPhase section */

/* Begin PBXSourcesBuildPhase section */
		A45884262B6CB7FC0008DA4E /* Sources */ = {
			isa = PBXSourcesBuildPhase;
			buildActionMask = 2147483647;
			files = (
				A403FEFA2B6DED65002C8DA9 /* PieChartRow.swift in Sources */,
				A403FEF42B6DEC49002C8DA9 /* CategoryRowView.swift in Sources */,
				A403FEE02B6D407F002C8DA9 /* Extensions.swift in Sources */,
				A403FEEC2B6DEBDB002C8DA9 /* SearchBar.swift in Sources */,
				A403FEF82B6DED0A002C8DA9 /* PieChartCell.swift in Sources */,
				A403FEF22B6DEC3C002C8DA9 /* DashboardTabView.swift in Sources */,
				A45884302B6CB7FC0008DA4E /* ContentView.swift in Sources */,
				A403FEE62B6DEA52002C8DA9 /* LogsTabView.swift in Sources */,
				A403FEE22B6D45C1002C8DA9 /* Sort.swift in Sources */,
				A458842E2B6CB7FC0008DA4E /* ExpenseTrackerApp.swift in Sources */,
				A403FEE82B6DEA79002C8DA9 /* LogFormView.swift in Sources */,
				A403FEDA2B6D3C1F002C8DA9 /* ExpenseLog+Extension.swift in Sources */,
				A403FEF02B6DEC1F002C8DA9 /* SelectSortOrderView.swift in Sources */,
				A458843D2B6D0F9F0008DA4E /* ExpenseTracker.xcdatamodeld in Sources */,
				A458843F2B6D14040008DA4E /* CoreDataManage.swift in Sources */,
				A403FEEA2B6DEAA8002C8DA9 /* CategoryImageView.swift in Sources */,
				A403FEEE2B6DEBF3002C8DA9 /* FilterCategoriesView.swift in Sources */,
				A403FEF62B6DECEC002C8DA9 /* PieChartView.swift in Sources */,
				A403FEDC2B6D3C6F002C8DA9 /* Category.swift in Sources */,
				A403FEFC2B6DEE41002C8DA9 /* Helpers.swift in Sources */,
				A403FEDE2B6D4072002C8DA9 /* Utils.swift in Sources */,
				A403FEE42B6D5729002C8DA9 /* LogListView.swift in Sources */,
			);
			runOnlyForDeploymentPostprocessing = 0;
		};
/* End PBXSourcesBuildPhase section */

/* Begin XCBuildConfiguration section */
		A45884362B6CB7FE0008DA4E /* Debug */ = {
			isa = XCBuildConfiguration;
			buildSettings = {
				ALWAYS_SEARCH_USER_PATHS = NO;
				CLANG_ANALYZER_NONNULL = YES;
				CLANG_ANALYZER_NUMBER_OBJECT_CONVERSION = YES_AGGRESSIVE;
				CLANG_CXX_LANGUAGE_STANDARD = "gnu++20";
				CLANG_ENABLE_MODULES = YES;
				CLANG_ENABLE_OBJC_ARC = YES;
				CLANG_ENABLE_OBJC_WEAK = YES;
				CLANG_WARN_BLOCK_CAPTURE_AUTORELEASING = YES;
				CLANG_WARN_BOOL_CONVERSION = YES;
				CLANG_WARN_COMMA = YES;
				CLANG_WARN_CONSTANT_CONVERSION = YES;
				CLANG_WARN_DEPRECATED_OBJC_IMPLEMENTATIONS = YES;
				CLANG_WARN_DIRECT_OBJC_ISA_USAGE = YES_ERROR;
				CLANG_WARN_DOCUMENTATION_COMMENTS = YES;
				CLANG_WARN_EMPTY_BODY = YES;
				CLANG_WARN_ENUM_CONVERSION = YES;
				CLANG_WARN_INFINITE_RECURSION = YES;
				CLANG_WARN_INT_CONVERSION = YES;
				CLANG_WARN_NON_LITERAL_NULL_CONVERSION = YES;
				CLANG_WARN_OBJC_IMPLICIT_RETAIN_SELF = YES;
				CLANG_WARN_OBJC_LITERAL_CONVERSION = YES;
				CLANG_WARN_OBJC_ROOT_CLASS = YES_ERROR;
				CLANG_WARN_QUOTED_INCLUDE_IN_FRAMEWORK_HEADER = YES;
				CLANG_WARN_RANGE_LOOP_ANALYSIS = YES;
				CLANG_WARN_STRICT_PROTOTYPES = YES;
				CLANG_WARN_SUSPICIOUS_MOVE = YES;
				CLANG_WARN_UNGUARDED_AVAILABILITY = YES_AGGRESSIVE;
				CLANG_WARN_UNREACHABLE_CODE = YES;
				CLANG_WARN__DUPLICATE_METHOD_MATCH = YES;
				COPY_PHASE_STRIP = NO;
				DEBUG_INFORMATION_FORMAT = dwarf;
				ENABLE_STRICT_OBJC_MSGSEND = YES;
				ENABLE_TESTABILITY = YES;
				GCC_C_LANGUAGE_STANDARD = gnu11;
				GCC_DYNAMIC_NO_PIC = NO;
				GCC_NO_COMMON_BLOCKS = YES;
				GCC_OPTIMIZATION_LEVEL = 0;
				GCC_PREPROCESSOR_DEFINITIONS = (
					"DEBUG=1",
					"$(inherited)",
				);
				GCC_WARN_64_TO_32_BIT_CONVERSION = YES;
				GCC_WARN_ABOUT_RETURN_TYPE = YES_ERROR;
				GCC_WARN_UNDECLARED_SELECTOR = YES;
				GCC_WARN_UNINITIALIZED_AUTOS = YES_AGGRESSIVE;
				GCC_WARN_UNUSED_FUNCTION = YES;
				GCC_WARN_UNUSED_VARIABLE = YES;
				IPHONEOS_DEPLOYMENT_TARGET = 16.2;
				MTL_ENABLE_DEBUG_INFO = INCLUDE_SOURCE;
				MTL_FAST_MATH = YES;
				ONLY_ACTIVE_ARCH = YES;
				SDKROOT = iphoneos;
				SWIFT_ACTIVE_COMPILATION_CONDITIONS = DEBUG;
				SWIFT_OPTIMIZATION_LEVEL = "-Onone";
			};
			name = Debug;
		};
		A45884372B6CB7FE0008DA4E /* Release */ = {
			isa = XCBuildConfiguration;
			buildSettings = {
				ALWAYS_SEARCH_USER_PATHS = NO;
				CLANG_ANALYZER_NONNULL = YES;
				CLANG_ANALYZER_NUMBER_OBJECT_CONVERSION = YES_AGGRESSIVE;
				CLANG_CXX_LANGUAGE_STANDARD = "gnu++20";
				CLANG_ENABLE_MODULES = YES;
				CLANG_ENABLE_OBJC_ARC = YES;
				CLANG_ENABLE_OBJC_WEAK = YES;
				CLANG_WARN_BLOCK_CAPTURE_AUTORELEASING = YES;
				CLANG_WARN_BOOL_CONVERSION = YES;
				CLANG_WARN_COMMA = YES;
				CLANG_WARN_CONSTANT_CONVERSION = YES;
				CLANG_WARN_DEPRECATED_OBJC_IMPLEMENTATIONS = YES;
				CLANG_WARN_DIRECT_OBJC_ISA_USAGE = YES_ERROR;
				CLANG_WARN_DOCUMENTATION_COMMENTS = YES;
				CLANG_WARN_EMPTY_BODY = YES;
				CLANG_WARN_ENUM_CONVERSION = YES;
				CLANG_WARN_INFINITE_RECURSION = YES;
				CLANG_WARN_INT_CONVERSION = YES;
				CLANG_WARN_NON_LITERAL_NULL_CONVERSION = YES;
				CLANG_WARN_OBJC_IMPLICIT_RETAIN_SELF = YES;
				CLANG_WARN_OBJC_LITERAL_CONVERSION = YES;
				CLANG_WARN_OBJC_ROOT_CLASS = YES_ERROR;
				CLANG_WARN_QUOTED_INCLUDE_IN_FRAMEWORK_HEADER = YES;
				CLANG_WARN_RANGE_LOOP_ANALYSIS = YES;
				CLANG_WARN_STRICT_PROTOTYPES = YES;
				CLANG_WARN_SUSPICIOUS_MOVE = YES;
				CLANG_WARN_UNGUARDED_AVAILABILITY = YES_AGGRESSIVE;
				CLANG_WARN_UNREACHABLE_CODE = YES;
				CLANG_WARN__DUPLICATE_METHOD_MATCH = YES;
				COPY_PHASE_STRIP = NO;
				DEBUG_INFORMATION_FORMAT = "dwarf-with-dsym";
				ENABLE_NS_ASSERTIONS = NO;
				ENABLE_STRICT_OBJC_MSGSEND = YES;
				GCC_C_LANGUAGE_STANDARD = gnu11;
				GCC_NO_COMMON_BLOCKS = YES;
				GCC_WARN_64_TO_32_BIT_CONVERSION = YES;
				GCC_WARN_ABOUT_RETURN_TYPE = YES_ERROR;
				GCC_WARN_UNDECLARED_SELECTOR = YES;
				GCC_WARN_UNINITIALIZED_AUTOS = YES_AGGRESSIVE;
				GCC_WARN_UNUSED_FUNCTION = YES;
				GCC_WARN_UNUSED_VARIABLE = YES;
				IPHONEOS_DEPLOYMENT_TARGET = 16.2;
				MTL_ENABLE_DEBUG_INFO = NO;
				MTL_FAST_MATH = YES;
				SDKROOT = iphoneos;
				SWIFT_COMPILATION_MODE = wholemodule;
				SWIFT_OPTIMIZATION_LEVEL = "-O";
				VALIDATE_PRODUCT = YES;
			};
			name = Release;
		};
		A45884392B6CB7FE0008DA4E /* Debug */ = {
			isa = XCBuildConfiguration;
			buildSettings = {
				ASSETCATALOG_COMPILER_APPICON_NAME = AppIcon;
				ASSETCATALOG_COMPILER_GLOBAL_ACCENT_COLOR_NAME = AccentColor;
				CODE_SIGN_STYLE = Automatic;
				CURRENT_PROJECT_VERSION = 1;
				DEVELOPMENT_ASSET_PATHS = "\"ExpenseTracker/Preview Content\"";
				DEVELOPMENT_TEAM = W7C6394PMD;
				ENABLE_PREVIEWS = YES;
				GENERATE_INFOPLIST_FILE = YES;
				INFOPLIST_KEY_UIApplicationSceneManifest_Generation = YES;
				INFOPLIST_KEY_UIApplicationSupportsIndirectInputEvents = YES;
				INFOPLIST_KEY_UILaunchScreen_Generation = YES;
				INFOPLIST_KEY_UISupportedInterfaceOrientations_iPad = "UIInterfaceOrientationPortrait UIInterfaceOrientationPortraitUpsideDown UIInterfaceOrientationLandscapeLeft UIInterfaceOrientationLandscapeRight";
				INFOPLIST_KEY_UISupportedInterfaceOrientations_iPhone = "UIInterfaceOrientationPortrait UIInterfaceOrientationLandscapeLeft UIInterfaceOrientationLandscapeRight";
				IPHONEOS_DEPLOYMENT_TARGET = 15.0;
				LD_RUNPATH_SEARCH_PATHS = (
					"$(inherited)",
					"@executable_path/Frameworks",
				);
				MARKETING_VERSION = 1.0;
				PRODUCT_BUNDLE_IDENTIFIER = com.baohieu.ExpenseTracker;
				PRODUCT_NAME = "$(TARGET_NAME)";
				SWIFT_EMIT_LOC_STRINGS = YES;
				SWIFT_VERSION = 5.0;
				TARGETED_DEVICE_FAMILY = "1,2";
			};
			name = Debug;
		};
		A458843A2B6CB7FE0008DA4E /* Release */ = {
			isa = XCBuildConfiguration;
			buildSettings = {
				ASSETCATALOG_COMPILER_APPICON_NAME = AppIcon;
				ASSETCATALOG_COMPILER_GLOBAL_ACCENT_COLOR_NAME = AccentColor;
				CODE_SIGN_STYLE = Automatic;
				CURRENT_PROJECT_VERSION = 1;
				DEVELOPMENT_ASSET_PATHS = "\"ExpenseTracker/Preview Content\"";
				DEVELOPMENT_TEAM = W7C6394PMD;
				ENABLE_PREVIEWS = YES;
				GENERATE_INFOPLIST_FILE = YES;
				INFOPLIST_KEY_UIApplicationSceneManifest_Generation = YES;
				INFOPLIST_KEY_UIApplicationSupportsIndirectInputEvents = YES;
				INFOPLIST_KEY_UILaunchScreen_Generation = YES;
				INFOPLIST_KEY_UISupportedInterfaceOrientations_iPad = "UIInterfaceOrientationPortrait UIInterfaceOrientationPortraitUpsideDown UIInterfaceOrientationLandscapeLeft UIInterfaceOrientationLandscapeRight";
				INFOPLIST_KEY_UISupportedInterfaceOrientations_iPhone = "UIInterfaceOrientationPortrait UIInterfaceOrientationLandscapeLeft UIInterfaceOrientationLandscapeRight";
				IPHONEOS_DEPLOYMENT_TARGET = 15.0;
				LD_RUNPATH_SEARCH_PATHS = (
					"$(inherited)",
					"@executable_path/Frameworks",
				);
				MARKETING_VERSION = 1.0;
				PRODUCT_BUNDLE_IDENTIFIER = com.baohieu.ExpenseTracker;
				PRODUCT_NAME = "$(TARGET_NAME)";
				SWIFT_EMIT_LOC_STRINGS = YES;
				SWIFT_VERSION = 5.0;
				TARGETED_DEVICE_FAMILY = "1,2";
			};
			name = Release;
		};
/* End XCBuildConfiguration section */

/* Begin XCConfigurationList section */
		A45884252B6CB7FC0008DA4E /* Build configuration list for PBXProject "ExpenseTracker" */ = {
			isa = XCConfigurationList;
			buildConfigurations = (
				A45884362B6CB7FE0008DA4E /* Debug */,
				A45884372B6CB7FE0008DA4E /* Release */,
			);
			defaultConfigurationIsVisible = 0;
			defaultConfigurationName = Release;
		};
		A45884382B6CB7FE0008DA4E /* Build configuration list for PBXNativeTarget "ExpenseTracker" */ = {
			isa = XCConfigurationList;
			buildConfigurations = (
				A45884392B6CB7FE0008DA4E /* Debug */,
				A458843A2B6CB7FE0008DA4E /* Release */,
			);
			defaultConfigurationIsVisible = 0;
			defaultConfigurationName = Release;
		};
/* End XCConfigurationList section */

/* Begin XCVersionGroup section */
		A458843B2B6D0F9F0008DA4E /* ExpenseTracker.xcdatamodeld */ = {
			isa = XCVersionGroup;
			children = (
				A458843C2B6D0F9F0008DA4E /* ExpenseLog.xcdatamodel */,
			);
			currentVersion = A458843C2B6D0F9F0008DA4E /* ExpenseLog.xcdatamodel */;
			path = ExpenseTracker.xcdatamodeld;
			sourceTree = "<group>";
			versionGroupType = wrapper.xcdatamodel;
		};
/* End XCVersionGroup section */
	};
	rootObject = A45884222B6CB7FC0008DA4E /* Project object */;
}
